
Microsoft Visual Studio Solution File, Format Version 12.00
# Visual Studio Version 16
VisualStudioVersion = 16.0.30503.244
MinimumVisualStudioVersion = 10.0.40219.1
Project("{FAE04EC0-301F-11D3-BF4B-00C04F79EFBC}") = "SRS", "SRS.csproj", "{587B9526-B8BF-4FA9-8054-55338F21FFEC}"
EndProject
Global
	GlobalSection(SolutionConfigurationPlatforms) = preSolution
		Debug|Any CPU = Debug|Any CPU
		Release|Any CPU = Release|Any CPU
	EndGlobalSection
	GlobalSection(ProjectConfigurationPlatforms) = postSolution
		{587B9526-B8BF-4FA9-8054-55338F21FFEC}.Debug|Any CPU.ActiveCfg = Debug|Any CPU
		{587B9526-B8BF-4FA9-8054-55338F21FFEC}.Debug|Any CPU.Build.0 = Debug|Any CPU
		{587B9526-B8BF-4FA9-8054-55338F21FFEC}.Release|Any CPU.ActiveCfg = Release|Any CPU
		{587B9526-B8BF-4FA9-8054-55338F21FFEC}.Release|Any CPU.Build.0 = Release|Any CPU
	EndGlobalSection
	GlobalSection(SolutionProperties) = preSolution
		HideSolutionNode = FALSE
	EndGlobalSection
	GlobalSection(ExtensibilityGlobals) = postSolution
		SolutionGuid = {83CF8FFE-C1E5-4CCC-968B-C376A352B7C8}
	EndGlobalSection
EndGlobal
